// !$*UTF8*$!
{
	archiveVersion = 1;
	classes = {
	};
	objectVersion = 48;
	objects = {

/* Begin PBXBuildFile section */
		3BC45C6522C0E31A002D7528 /* AppDelegate.swift in Sources */ = {isa = PBXBuildFile; fileRef = 3BC45C6422C0E31A002D7528 /* AppDelegate.swift */; };
		3BC45C6722C0E31A002D7528 /* ViewController.swift in Sources */ = {isa = PBXBuildFile; fileRef = 3BC45C6622C0E31A002D7528 /* ViewController.swift */; };
		3BC45C6A22C0E31A002D7528 /* Main.storyboard in Resources */ = {isa = PBXBuildFile; fileRef = 3BC45C6822C0E31A002D7528 /* Main.storyboard */; };
		3BC45C6C22C0E31A002D7528 /* Assets.xcassets in Resources */ = {isa = PBXBuildFile; fileRef = 3BC45C6B22C0E31A002D7528 /* Assets.xcassets */; };
		3BC45C6F22C0E31A002D7528 /* LaunchScreen.storyboard in Resources */ = {isa = PBXBuildFile; fileRef = 3BC45C6D22C0E31A002D7528 /* LaunchScreen.storyboard */; };
/* End PBXBuildFile section */

/* Begin PBXFileReference section */
		3BC45C6122C0E31A002D7528 /* ex04.app */ = {isa = PBXFileReference; explicitFileType = wrapper.application; includeInIndex = 0; path = ex04.app; sourceTree = BUILT_PRODUCTS_DIR; };
		3BC45C6422C0E31A002D7528 /* AppDelegate.swift */ = {isa = PBXFileReference; lastKnownFileType = sourcecode.swift; path = AppDelegate.swift; sourceTree = "<group>"; };
		3BC45C6622C0E31A002D7528 /* ViewController.swift */ = {isa = PBXFileReference; lastKnownFileType = sourcecode.swift; path = ViewController.swift; sourceTree = "<group>"; };
		3BC45C6922C0E31A002D7528 /* Base */ = {isa = PBXFileReference; lastKnownFileType = file.storyboard; name = Base; path = Base.lproj/Main.storyboard; sourceTree = "<group>"; };
		3BC45C6B22C0E31A002D7528 /* Assets.xcassets */ = {isa = PBXFileReference; lastKnownFileType = folder.assetcatalog; path = Assets.xcassets; sourceTree = "<group>"; };
		3BC45C6E22C0E31A002D7528 /* Base */ = {isa = PBXFileReference; lastKnownFileType = file.storyboard; name = Base; path = Base.lproj/LaunchScreen.storyboard; sourceTree = "<group>"; };
		3BC45C7022C0E31A002D7528 /* Info.plist */ = {isa = PBXFileReference; lastKnownFileType = text.plist.xml; path = Info.plist; sourceTree = "<group>"; };
/* End PBXFileReference section */

/* Begin PBXFrameworksBuildPhase section */
		3BC45C5E22C0E31A002D7528 /* Frameworks */ = {
			isa = PBXFrameworksBuildPhase;
			buildActionMask = 2147483647;
			files = (
			);
			runOnlyForDeploymentPostprocessing = 0;
		};
/* End PBXFrameworksBuildPhase section */

/* Begin PBXGroup section */
		3BC45C5822C0E31A002D7528 = {
			isa = PBXGroup;
			children = (
				3BC45C6322C0E31A002D7528 /* ex04 */,
				3BC45C6222C0E31A002D7528 /* Products */,
			);
			sourceTree = "<group>";
		};
		3BC45C6222C0E31A002D7528 /* Products */ = {
			isa = PBXGroup;
			children = (
				3BC45C6122C0E31A002D7528 /* ex04.app */,
			);
			name = Products;
			sourceTree = "<group>";
		};
		3BC45C6322C0E31A002D7528 /* ex04 */ = {
			isa = PBXGroup;
			children = (
				3BC45C7822C0E351002D7528 /* assets */,
				3BC45C7622C0E34B002D7528 /* view */,
				3BC45C7722C0E34E002D7528 /* swift */,
				3BC45C7022C0E31A002D7528 /* Info.plist */,
			);
			path = ex04;
			sourceTree = "<group>";
		};
		3BC45C7622C0E34B002D7528 /* view */ = {
			isa = PBXGroup;
			children = (
				3BC45C6822C0E31A002D7528 /* Main.storyboard */,
				3BC45C6D22C0E31A002D7528 /* LaunchScreen.storyboard */,
			);
			path = view;
			sourceTree = "<group>";
		};
		3BC45C7722C0E34E002D7528 /* swift */ = {
			isa = PBXGroup;
			children = (
				3BC45C6622C0E31A002D7528 /* ViewController.swift */,
				3BC45C6422C0E31A002D7528 /* AppDelegate.swift */,
			);
			path = swift;
			sourceTree = "<group>";
		};
		3BC45C7822C0E351002D7528 /* assets */ = {
			isa = PBXGroup;
			children = (
				3BC45C6B22C0E31A002D7528 /* Assets.xcassets */,
			);
			path = assets;
			sourceTree = "<group>";
		};
/* End PBXGroup section */

/* Begin PBXNativeTarget section */
		3BC45C6022C0E31A002D7528 /* ex04 */ = {
			isa = PBXNativeTarget;
			buildConfigurationList = 3BC45C7322C0E31A002D7528 /* Build configuration list for PBXNativeTarget "ex04" */;
			buildPhases = (
				3BC45C5D22C0E31A002D7528 /* Sources */,
				3BC45C5E22C0E31A002D7528 /* Frameworks */,
				3BC45C5F22C0E31A002D7528 /* Resources */,
			);
			buildRules = (
			);
			dependencies = (
			);
			name = ex04;
			productName = ex02;
			productReference = 3BC45C6122C0E31A002D7528 /* ex04.app */;
			productType = "com.apple.product-type.application";
		};
/* End PBXNativeTarget section */

/* Begin PBXProject section */
		3BC45C5922C0E31A002D7528 /* Project object */ = {
			isa = PBXProject;
			attributes = {
				LastSwiftUpdateCheck = 0920;
				LastUpgradeCheck = 0920;
				ORGANIZATIONNAME = "Danyil ZBOROVKYI";
				TargetAttributes = {
					3BC45C6022C0E31A002D7528 = {
						CreatedOnToolsVersion = 9.2;
						LastSwiftMigration = 1020;
						ProvisioningStyle = Automatic;
					};
				};
			};
			buildConfigurationList = 3BC45C5C22C0E31A002D7528 /* Build configuration list for PBXProject "ex04" */;
			compatibilityVersion = "Xcode 8.0";
			developmentRegion = en;
			hasScannedForEncodings = 0;
			knownRegions = (
				en,
				Base,
			);
			mainGroup = 3BC45C5822C0E31A002D7528;
			productRefGroup = 3BC45C6222C0E31A002D7528 /* Products */;
			projectDirPath = "";
			projectRoot = "";
			targets = (
				3BC45C6022C0E31A002D7528 /* ex04 */,
			);
		};
/* End PBXProject section */

/* Begin PBXResourcesBuildPhase section */
		3BC45C5F22C0E31A002D7528 /* Resources */ = {
			isa = PBXResourcesBuildPhase;
			buildActionMask = 2147483647;
			files = (
				3BC45C6F22C0E31A002D7528 /* LaunchScreen.storyboard in Resources */,
				3BC45C6C22C0E31A002D7528 /* Assets.xcassets in Resources */,
				3BC45C6A22C0E31A002D7528 /* Main.storyboard in Resources */,
			);
			runOnlyForDeploymentPostprocessing = 0;
		};
/* End PBXResourcesBuildPhase section */

/* Begin PBXSourcesBuildPhase section */
		3BC45C5D22C0E31A002D7528 /* Sources */ = {
			isa = PBXSourcesBuildPhase;
			buildActionMask = 2147483647;
			files = (
				3BC45C6722C0E31A002D7528 /* ViewController.swift in Sources */,
				3BC45C6522C0E31A002D7528 /* AppDelegate.swift in Sources */,
			);
			runOnlyForDeploymentPostprocessing = 0;
		};
/* End PBXSourcesBuildPhase section */

/* Begin PBXVariantGroup section */
		3BC45C6822C0E31A002D7528 /* Main.storyboard */ = {
			isa = PBXVariantGroup;
			children = (
				3BC45C6922C0E31A002D7528 /* Base */,
			);
			name = Main.storyboard;
			sourceTree = "<group>";
		};
		3BC45C6D22C0E31A002D7528 /* LaunchScreen.storyboard */ = {
			isa = PBXVariantGroup;
			children = (
				3BC45C6E22C0E31A002D7528 /* Base */,
			);
			name = LaunchScreen.storyboard;
			sourceTree = "<group>";
		};
/* End PBXVariantGroup section */

/* Begin XCBuildConfiguration section */
		3BC45C7122C0E31A002D7528 /* Debug */ = {
			isa = XCBuildConfiguration;
			buildSettings = {
				ALWAYS_SEARCH_USER_PATHS = NO;
				CLANG_ANALYZER_NONNULL = YES;
				CLANG_ANALYZER_NUMBER_OBJECT_CONVERSION = YES_AGGRESSIVE;
				CLANG_CXX_LANGUAGE_STANDARD = "gnu++14";
				CLANG_CXX_LIBRARY = "libc++";
				CLANG_ENABLE_MODULES = YES;
				CLANG_ENABLE_OBJC_ARC = YES;
				CLANG_WARN_BLOCK_CAPTURE_AUTORELEASING = YES;
				CLANG_WARN_BOOL_CONVERSION = YES;
				CLANG_WARN_COMMA = YES;
				CLANG_WARN_CONSTANT_CONVERSION = YES;
				CLANG_WARN_DIRECT_OBJC_ISA_USAGE = YES_ERROR;
				CLANG_WARN_DOCUMENTATION_COMMENTS = YES;
				CLANG_WARN_EMPTY_BODY = YES;
				CLANG_WARN_ENUM_CONVERSION = YES;
				CLANG_WARN_INFINITE_RECURSION = YES;
				CLANG_WARN_INT_CONVERSION = YES;
				CLANG_WARN_NON_LITERAL_NULL_CONVERSION = YES;
				CLANG_WARN_OBJC_LITERAL_CONVERSION = YES;
				CLANG_WARN_OBJC_ROOT_CLASS = YES_ERROR;
				CLANG_WARN_RANGE_LOOP_ANALYSIS = YES;
				CLANG_WARN_STRICT_PROTOTYPES = YES;
				CLANG_WARN_SUSPICIOUS_MOVE = YES;
				CLANG_WARN_UNGUARDED_AVAILABILITY = YES_AGGRESSIVE;
				CLANG_WARN_UNREACHABLE_CODE = YES;
				CLANG_WARN__DUPLICATE_METHOD_MATCH = YES;
				CODE_SIGN_IDENTITY = "iPhone Developer";
				COPY_PHASE_STRIP = NO;
				DEBUG_INFORMATION_FORMAT = dwarf;
				ENABLE_STRICT_OBJC_MSGSEND = YES;
				ENABLE_TESTABILITY = YES;
				GCC_C_LANGUAGE_STANDARD = gnu11;
				GCC_DYNAMIC_NO_PIC = NO;
				GCC_NO_COMMON_BLOCKS = YES;
				GCC_OPTIMIZATION_LEVEL = 0;
				GCC_PREPROCESSOR_DEFINITIONS = (
					"DEBUG=1",
					"$(inherited)",
				);
				GCC_WARN_64_TO_32_BIT_CONVERSION = YES;
				GCC_WARN_ABOUT_RETURN_TYPE = YES_ERROR;
				GCC_WARN_UNDECLARED_SELECTOR = YES;
				GCC_WARN_UNINITIALIZED_AUTOS = YES_AGGRESSIVE;
				GCC_WARN_UNUSED_FUNCTION = YES;
				GCC_WARN_UNUSED_VARIABLE = YES;
				IPHONEOS_DEPLOYMENT_TARGET = 11.2;
				MTL_ENABLE_DEBUG_INFO = YES;
				ONLY_ACTIVE_ARCH = YES;
				SDKROOT = iphoneos;
				SWIFT_ACTIVE_COMPILATION_CONDITIONS = DEBUG;
				SWIFT_OPTIMIZATION_LEVEL = "-Onone";
			};
			name = Debug;
		};
		3BC45C7222C0E31A002D7528 /* Release */ = {
			isa = XCBuildConfiguration;
			buildSettings = {
				ALWAYS_SEARCH_USER_PATHS = NO;
				CLANG_ANALYZER_NONNULL = YES;
				CLANG_ANALYZER_NUMBER_OBJECT_CONVERSION = YES_AGGRESSIVE;
				CLANG_CXX_LANGUAGE_STANDARD = "gnu++14";
				CLANG_CXX_LIBRARY = "libc++";
				CLANG_ENABLE_MODULES = YES;
				CLANG_ENABLE_OBJC_ARC = YES;
				CLANG_WARN_BLOCK_CAPTURE_AUTORELEASING = YES;
				CLANG_WARN_BOOL_CONVERSION = YES;
				CLANG_WARN_COMMA = YES;
				CLANG_WARN_CONSTANT_CONVERSION = YES;
				CLANG_WARN_DIRECT_OBJC_ISA_USAGE = YES_ERROR;
				CLANG_WARN_DOCUMENTATION_COMMENTS = YES;
				CLANG_WARN_EMPTY_BODY = YES;
				CLANG_WARN_ENUM_CONVERSION = YES;
				CLANG_WARN_INFINITE_RECURSION = YES;
				CLANG_WARN_INT_CONVERSION = YES;
				CLANG_WARN_NON_LITERAL_NULL_CONVERSION = YES;
				CLANG_WARN_OBJC_LITERAL_CONVERSION = YES;
				CLANG_WARN_OBJC_ROOT_CLASS = YES_ERROR;
				CLANG_WARN_RANGE_LOOP_ANALYSIS = YES;
				CLANG_WARN_STRICT_PROTOTYPES = YES;
				CLANG_WARN_SUSPICIOUS_MOVE = YES;
				CLANG_WARN_UNGUARDED_AVAILABILITY = YES_AGGRESSIVE;
				CLANG_WARN_UNREACHABLE_CODE = YES;
				CLANG_WARN__DUPLICATE_METHOD_MATCH = YES;
				CODE_SIGN_IDENTITY = "iPhone Developer";
				COPY_PHASE_STRIP = NO;
				DEBUG_INFORMATION_FORMAT = "dwarf-with-dsym";
				ENABLE_NS_ASSERTIONS = NO;
				ENABLE_STRICT_OBJC_MSGSEND = YES;
				GCC_C_LANGUAGE_STANDARD = gnu11;
				GCC_NO_COMMON_BLOCKS = YES;
				GCC_WARN_64_TO_32_BIT_CONVERSION = YES;
				GCC_WARN_ABOUT_RETURN_TYPE = YES_ERROR;
				GCC_WARN_UNDECLARED_SELECTOR = YES;
				GCC_WARN_UNINITIALIZED_AUTOS = YES_AGGRESSIVE;
				GCC_WARN_UNUSED_FUNCTION = YES;
				GCC_WARN_UNUSED_VARIABLE = YES;
				IPHONEOS_DEPLOYMENT_TARGET = 11.2;
				MTL_ENABLE_DEBUG_INFO = NO;
				SDKROOT = iphoneos;
				SWIFT_OPTIMIZATION_LEVEL = "-Owholemodule";
				VALIDATE_PRODUCT = YES;
			};
			name = Release;
		};
		3BC45C7422C0E31A002D7528 /* Debug */ = {
			isa = XCBuildConfiguration;
			buildSettings = {
				ASSETCATALOG_COMPILER_APPICON_NAME = AppIcon;
				CODE_SIGN_STYLE = Automatic;
				DEVELOPMENT_TEAM = B57TCZ5HYU;
				INFOPLIST_FILE = "$(SRCROOT)/ex04/Info.plist";
				IPHONEOS_DEPLOYMENT_TARGET = 12.2;
				LD_RUNPATH_SEARCH_PATHS = "$(inherited) @executable_path/Frameworks";
				PRODUCT_BUNDLE_IDENTIFIER = dzborovk.ex04;
				PRODUCT_NAME = "$(TARGET_NAME)";
				SWIFT_VERSION = 5.0;
				TARGETED_DEVICE_FAMILY = "1,2";
			};
			name = Debug;
		};
		3BC45C7522C0E31A002D7528 /* Release */ = {
			isa = XCBuildConfiguration;
			buildSettings = {
				ASSETCATALOG_COMPILER_APPICON_NAME = AppIcon;
				CODE_SIGN_STYLE = Automatic;
				DEVELOPMENT_TEAM = B57TCZ5HYU;
				INFOPLIST_FILE = "$(SRCROOT)/ex04/Info.plist";
				IPHONEOS_DEPLOYMENT_TARGET = 12.2;
				LD_RUNPATH_SEARCH_PATHS = "$(inherited) @executable_path/Frameworks";
				PRODUCT_BUNDLE_IDENTIFIER = dzborovk.ex04;
				PRODUCT_NAME = "$(TARGET_NAME)";
				SWIFT_VERSION = 5.0;
				TARGETED_DEVICE_FAMILY = "1,2";
			};
			name = Release;
		};
/* End XCBuildConfiguration section */

/* Begin XCConfigurationList section */
		3BC45C5C22C0E31A002D7528 /* Build configuration list for PBXProject "ex04" */ = {
			isa = XCConfigurationList;
			buildConfigurations = (
				3BC45C7122C0E31A002D7528 /* Debug */,
				3BC45C7222C0E31A002D7528 /* Release */,
			);
			defaultConfigurationIsVisible = 0;
			defaultConfigurationName = Release;
		};
		3BC45C7322C0E31A002D7528 /* Build configuration list for PBXNativeTarget "ex04" */ = {
			isa = XCConfigurationList;
			buildConfigurations = (
				3BC45C7422C0E31A002D7528 /* Debug */,
				3BC45C7522C0E31A002D7528 /* Release */,
			);
			defaultConfigurationIsVisible = 0;
			defaultConfigurationName = Release;
		};
/* End XCConfigurationList section */
	};
	rootObject = 3BC45C5922C0E31A002D7528 /* Project object */;
}
